
Microsoft Visual Studio Solution File, Format Version 12.00
# Visual Studio Version 17
VisualStudioVersion = 17.10.35013.160
MinimumVisualStudioVersion = 10.0.40219.1
Project("{8BC9CEB8-8B4A-11D0-8D11-00A0C91BC942}") = "OOP_DZ", "OOP_DZ.vcxproj", "{AAE0F5D5-ACBA-4622-BD2C-09BBF912F36A}"
EndProject
Global
	GlobalSection(SolutionConfigurationPlatforms) = preSolution
		Debug|x64 = Debug|x64
		Debug|x86 = Debug|x86
		Release|x64 = Release|x64
		Release|x86 = Release|x86
	EndGlobalSection
	GlobalSection(ProjectConfigurationPlatforms) = postSolution
		{AAE0F5D5-ACBA-4622-BD2C-09BBF912F36A}.Debug|x64.ActiveCfg = Debug|x64
		{AAE0F5D5-ACBA-4622-BD2C-09BBF912F36A}.Debug|x64.Build.0 = Debug|x64
		{AAE0F5D5-ACBA-4622-BD2C-09BBF912F36A}.Debug|x86.ActiveCfg = Debug|Win32
		{AAE0F5D5-ACBA-4622-BD2C-09BBF912F36A}.Debug|x86.Build.0 = Debug|Win32
		{AAE0F5D5-ACBA-4622-BD2C-09BBF912F36A}.Release|x64.ActiveCfg = Release|x64
		{AAE0F5D5-ACBA-4622-BD2C-09BBF912F36A}.Release|x64.Build.0 = Release|x64
		{AAE0F5D5-ACBA-4622-BD2C-09BBF912F36A}.Release|x86.ActiveCfg = Release|Win32
		{AAE0F5D5-ACBA-4622-BD2C-09BBF912F36A}.Release|x86.Build.0 = Release|Win32
	EndGlobalSection
	GlobalSection(SolutionProperties) = preSolution
		HideSolutionNode = FALSE
	EndGlobalSection
	GlobalSection(ExtensibilityGlobals) = postSolution
		SolutionGuid = {98089D4A-6E8E-4FC7-85EB-BE0D14A9330A}
	EndGlobalSection
EndGlobal
